PODS:
  - SPAlert (3.5.1)
  - SPConfetti (1.3.3)
  - SPIndicator (1.5.0)

DEPENDENCIES:
  - SPAlert
  - SPConfetti
  - SPIndicator

SPEC REPOS:
  trunk:
    - SPAlert
    - SPConfetti
    - SPIndicator

SPEC CHECKSUMS:
  SPAlert: a6f7fd1e56b5a798327af2d67abebc60985774d7
  SPConfetti: d74dd5b433a0ca39cf567969757a0b019bfcc5aa
  SPIndicator: 838af916c34c6219cf0fc7a25b867dae6227c594

PODFILE CHECKSUM: 7eb512cd79fe96a2146122b6bfd988f795bdab29

COCOAPODS: 1.11.2
