// !$*UTF8*$!
{
	archiveVersion = 1;
	classes = {
	};
	objectVersion = 50;
	objects = {

/* Begin PBXBuildFile section */
		B45ED14FB0433E7575D35DB5 /* Pods_StepByStep.framework in Frameworks */ = {isa = PBXBuildFile; fileRef = 43FE0684DC5A0E532000A6E9 /* Pods_StepByStep.framework */; };
		C12E631C275CB5CA008F8F76 /* NavigationButtonPage.swift in Sources */ = {isa = PBXBuildFile; fileRef = C12E631B275CB5CA008F8F76 /* NavigationButtonPage.swift */; };
		C152C808275CACCF0064778C /* WebImage.swift in Sources */ = {isa = PBXBuildFile; fileRef = C152C807275CACCF0064778C /* WebImage.swift */; };
		C190C83E274BB61E00957C69 /* AppDelegate.swift in Sources */ = {isa = PBXBuildFile; fileRef = C190C83D274BB61E00957C69 /* AppDelegate.swift */; };
		C190C840274BB61E00957C69 /* SceneDelegate.swift in Sources */ = {isa = PBXBuildFile; fileRef = C190C83F274BB61E00957C69 /* SceneDelegate.swift */; };
		C190C842274BB61E00957C69 /* ContentView.swift in Sources */ = {isa = PBXBuildFile; fileRef = C190C841274BB61E00957C69 /* ContentView.swift */; };
		C190C844274BB61F00957C69 /* Assets.xcassets in Resources */ = {isa = PBXBuildFile; fileRef = C190C843274BB61F00957C69 /* Assets.xcassets */; };
		C190C847274BB61F00957C69 /* Preview Assets.xcassets in Resources */ = {isa = PBXBuildFile; fileRef = C190C846274BB61F00957C69 /* Preview Assets.xcassets */; };
		C190C84A274BB61F00957C69 /* LaunchScreen.storyboard in Resources */ = {isa = PBXBuildFile; fileRef = C190C848274BB61F00957C69 /* LaunchScreen.storyboard */; };
/* End PBXBuildFile section */

/* Begin PBXFileReference section */
		16D34DB55D747806E98B4078 /* Pods-StepByStep.release.xcconfig */ = {isa = PBXFileReference; includeInIndex = 1; lastKnownFileType = text.xcconfig; name = "Pods-StepByStep.release.xcconfig"; path = "Target Support Files/Pods-StepByStep/Pods-StepByStep.release.xcconfig"; sourceTree = "<group>"; };
		43FE0684DC5A0E532000A6E9 /* Pods_StepByStep.framework */ = {isa = PBXFileReference; explicitFileType = wrapper.framework; includeInIndex = 0; path = Pods_StepByStep.framework; sourceTree = BUILT_PRODUCTS_DIR; };
		C12E631B275CB5CA008F8F76 /* NavigationButtonPage.swift */ = {isa = PBXFileReference; lastKnownFileType = sourcecode.swift; path = NavigationButtonPage.swift; sourceTree = "<group>"; };
		C152C807275CACCF0064778C /* WebImage.swift */ = {isa = PBXFileReference; lastKnownFileType = sourcecode.swift; path = WebImage.swift; sourceTree = "<group>"; };
		C190C83A274BB61E00957C69 /* StepByStep.app */ = {isa = PBXFileReference; explicitFileType = wrapper.application; includeInIndex = 0; path = StepByStep.app; sourceTree = BUILT_PRODUCTS_DIR; };
		C190C83D274BB61E00957C69 /* AppDelegate.swift */ = {isa = PBXFileReference; lastKnownFileType = sourcecode.swift; path = AppDelegate.swift; sourceTree = "<group>"; };
		C190C83F274BB61E00957C69 /* SceneDelegate.swift */ = {isa = PBXFileReference; lastKnownFileType = sourcecode.swift; path = SceneDelegate.swift; sourceTree = "<group>"; };
		C190C841274BB61E00957C69 /* ContentView.swift */ = {isa = PBXFileReference; lastKnownFileType = sourcecode.swift; path = ContentView.swift; sourceTree = "<group>"; };
		C190C843274BB61F00957C69 /* Assets.xcassets */ = {isa = PBXFileReference; lastKnownFileType = folder.assetcatalog; path = Assets.xcassets; sourceTree = "<group>"; };
		C190C846274BB61F00957C69 /* Preview Assets.xcassets */ = {isa = PBXFileReference; lastKnownFileType = folder.assetcatalog; path = "Preview Assets.xcassets"; sourceTree = "<group>"; };
		C190C849274BB61F00957C69 /* Base */ = {isa = PBXFileReference; lastKnownFileType = file.storyboard; name = Base; path = Base.lproj/LaunchScreen.storyboard; sourceTree = "<group>"; };
		C190C84B274BB61F00957C69 /* Info.plist */ = {isa = PBXFileReference; lastKnownFileType = text.plist.xml; path = Info.plist; sourceTree = "<group>"; };
		E3311E11CCB32BBACB6DC4AC /* Pods-StepByStep.debug.xcconfig */ = {isa = PBXFileReference; includeInIndex = 1; lastKnownFileType = text.xcconfig; name = "Pods-StepByStep.debug.xcconfig"; path = "Target Support Files/Pods-StepByStep/Pods-StepByStep.debug.xcconfig"; sourceTree = "<group>"; };
/* End PBXFileReference section */

/* Begin PBXFrameworksBuildPhase section */
		C190C837274BB61E00957C69 /* Frameworks */ = {
			isa = PBXFrameworksBuildPhase;
			buildActionMask = 2147483647;
			files = (
				B45ED14FB0433E7575D35DB5 /* Pods_StepByStep.framework in Frameworks */,
			);
			runOnlyForDeploymentPostprocessing = 0;
		};
/* End PBXFrameworksBuildPhase section */

/* Begin PBXGroup section */
		596A15152883CC03100D9EC6 /* Frameworks */ = {
			isa = PBXGroup;
			children = (
				43FE0684DC5A0E532000A6E9 /* Pods_StepByStep.framework */,
			);
			name = Frameworks;
			sourceTree = "<group>";
		};
		8CA4FA2216367D2083097A18 /* Pods */ = {
			isa = PBXGroup;
			children = (
				E3311E11CCB32BBACB6DC4AC /* Pods-StepByStep.debug.xcconfig */,
				16D34DB55D747806E98B4078 /* Pods-StepByStep.release.xcconfig */,
			);
			path = Pods;
			sourceTree = "<group>";
		};
		C190C831274BB61E00957C69 = {
			isa = PBXGroup;
			children = (
				C190C83C274BB61E00957C69 /* StepByStep */,
				C190C83B274BB61E00957C69 /* Products */,
				8CA4FA2216367D2083097A18 /* Pods */,
				596A15152883CC03100D9EC6 /* Frameworks */,
			);
			sourceTree = "<group>";
		};
		C190C83B274BB61E00957C69 /* Products */ = {
			isa = PBXGroup;
			children = (
				C190C83A274BB61E00957C69 /* StepByStep.app */,
			);
			name = Products;
			sourceTree = "<group>";
		};
		C190C83C274BB61E00957C69 /* StepByStep */ = {
			isa = PBXGroup;
			children = (
				C190C83D274BB61E00957C69 /* AppDelegate.swift */,
				C190C83F274BB61E00957C69 /* SceneDelegate.swift */,
				C190C841274BB61E00957C69 /* ContentView.swift */,
				C190C843274BB61F00957C69 /* Assets.xcassets */,
				C190C848274BB61F00957C69 /* LaunchScreen.storyboard */,
				C190C84B274BB61F00957C69 /* Info.plist */,
				C190C845274BB61F00957C69 /* Preview Content */,
				C152C807275CACCF0064778C /* WebImage.swift */,
				C12E631B275CB5CA008F8F76 /* NavigationButtonPage.swift */,
			);
			path = StepByStep;
			sourceTree = "<group>";
		};
		C190C845274BB61F00957C69 /* Preview Content */ = {
			isa = PBXGroup;
			children = (
				C190C846274BB61F00957C69 /* Preview Assets.xcassets */,
			);
			path = "Preview Content";
			sourceTree = "<group>";
		};
/* End PBXGroup section */

/* Begin PBXNativeTarget section */
		C190C839274BB61E00957C69 /* StepByStep */ = {
			isa = PBXNativeTarget;
			buildConfigurationList = C190C84E274BB61F00957C69 /* Build configuration list for PBXNativeTarget "StepByStep" */;
			buildPhases = (
				D51C1844F201A19407EF6288 /* [CP] Check Pods Manifest.lock */,
				C190C836274BB61E00957C69 /* Sources */,
				C190C837274BB61E00957C69 /* Frameworks */,
				C190C838274BB61E00957C69 /* Resources */,
			);
			buildRules = (
			);
			dependencies = (
			);
			name = StepByStep;
			productName = StepByStep;
			productReference = C190C83A274BB61E00957C69 /* StepByStep.app */;
			productType = "com.apple.product-type.application";
		};
/* End PBXNativeTarget section */

/* Begin PBXProject section */
		C190C832274BB61E00957C69 /* Project object */ = {
			isa = PBXProject;
			attributes = {
				LastSwiftUpdateCheck = 1150;
				LastUpgradeCheck = 1150;
				ORGANIZATIONNAME = cn.wanderros;
				TargetAttributes = {
					C190C839274BB61E00957C69 = {
						CreatedOnToolsVersion = 11.5;
					};
				};
			};
			buildConfigurationList = C190C835274BB61E00957C69 /* Build configuration list for PBXProject "StepByStep" */;
			compatibilityVersion = "Xcode 9.3";
			developmentRegion = en;
			hasScannedForEncodings = 0;
			knownRegions = (
				en,
				Base,
			);
			mainGroup = C190C831274BB61E00957C69;
			productRefGroup = C190C83B274BB61E00957C69 /* Products */;
			projectDirPath = "";
			projectRoot = "";
			targets = (
				C190C839274BB61E00957C69 /* StepByStep */,
			);
		};
/* End PBXProject section */

/* Begin PBXResourcesBuildPhase section */
		C190C838274BB61E00957C69 /* Resources */ = {
			isa = PBXResourcesBuildPhase;
			buildActionMask = 2147483647;
			files = (
				C190C84A274BB61F00957C69 /* LaunchScreen.storyboard in Resources */,
				C190C847274BB61F00957C69 /* Preview Assets.xcassets in Resources */,
				C190C844274BB61F00957C69 /* Assets.xcassets in Resources */,
			);
			runOnlyForDeploymentPostprocessing = 0;
		};
/* End PBXResourcesBuildPhase section */

/* Begin PBXShellScriptBuildPhase section */
		D51C1844F201A19407EF6288 /* [CP] Check Pods Manifest.lock */ = {
			isa = PBXShellScriptBuildPhase;
			buildActionMask = 2147483647;
			files = (
			);
			inputFileListPaths = (
			);
			inputPaths = (
				"${PODS_PODFILE_DIR_PATH}/Podfile.lock",
				"${PODS_ROOT}/Manifest.lock",
			);
			name = "[CP] Check Pods Manifest.lock";
			outputFileListPaths = (
			);
			outputPaths = (
				"$(DERIVED_FILE_DIR)/Pods-StepByStep-checkManifestLockResult.txt",
			);
			runOnlyForDeploymentPostprocessing = 0;
			shellPath = /bin/sh;
			shellScript = "diff \"${PODS_PODFILE_DIR_PATH}/Podfile.lock\" \"${PODS_ROOT}/Manifest.lock\" > /dev/null\nif [ $? != 0 ] ; then\n    # print error to STDERR\n    echo \"error: The sandbox is not in sync with the Podfile.lock. Run 'pod install' or update your CocoaPods installation.\" >&2\n    exit 1\nfi\n# This output is used by Xcode 'outputs' to avoid re-running this script phase.\necho \"SUCCESS\" > \"${SCRIPT_OUTPUT_FILE_0}\"\n";
			showEnvVarsInLog = 0;
		};
/* End PBXShellScriptBuildPhase section */

/* Begin PBXSourcesBuildPhase section */
		C190C836274BB61E00957C69 /* Sources */ = {
			isa = PBXSourcesBuildPhase;
			buildActionMask = 2147483647;
			files = (
				C190C83E274BB61E00957C69 /* AppDelegate.swift in Sources */,
				C12E631C275CB5CA008F8F76 /* NavigationButtonPage.swift in Sources */,
				C190C840274BB61E00957C69 /* SceneDelegate.swift in Sources */,
				C152C808275CACCF0064778C /* WebImage.swift in Sources */,
				C190C842274BB61E00957C69 /* ContentView.swift in Sources */,
			);
			runOnlyForDeploymentPostprocessing = 0;
		};
/* End PBXSourcesBuildPhase section */

/* Begin PBXVariantGroup section */
		C190C848274BB61F00957C69 /* LaunchScreen.storyboard */ = {
			isa = PBXVariantGroup;
			children = (
				C190C849274BB61F00957C69 /* Base */,
			);
			name = LaunchScreen.storyboard;
			sourceTree = "<group>";
		};
/* End PBXVariantGroup section */

/* Begin XCBuildConfiguration section */
		C190C84C274BB61F00957C69 /* Debug */ = {
			isa = XCBuildConfiguration;
			buildSettings = {
				ALWAYS_SEARCH_USER_PATHS = NO;
				CLANG_ANALYZER_NONNULL = YES;
				CLANG_ANALYZER_NUMBER_OBJECT_CONVERSION = YES_AGGRESSIVE;
				CLANG_CXX_LANGUAGE_STANDARD = "gnu++14";
				CLANG_CXX_LIBRARY = "libc++";
				CLANG_ENABLE_MODULES = YES;
				CLANG_ENABLE_OBJC_ARC = YES;
				CLANG_ENABLE_OBJC_WEAK = YES;
				CLANG_WARN_BLOCK_CAPTURE_AUTORELEASING = YES;
				CLANG_WARN_BOOL_CONVERSION = YES;
				CLANG_WARN_COMMA = YES;
				CLANG_WARN_CONSTANT_CONVERSION = YES;
				CLANG_WARN_DEPRECATED_OBJC_IMPLEMENTATIONS = YES;
				CLANG_WARN_DIRECT_OBJC_ISA_USAGE = YES_ERROR;
				CLANG_WARN_DOCUMENTATION_COMMENTS = YES;
				CLANG_WARN_EMPTY_BODY = YES;
				CLANG_WARN_ENUM_CONVERSION = YES;
				CLANG_WARN_INFINITE_RECURSION = YES;
				CLANG_WARN_INT_CONVERSION = YES;
				CLANG_WARN_NON_LITERAL_NULL_CONVERSION = YES;
				CLANG_WARN_OBJC_IMPLICIT_RETAIN_SELF = YES;
				CLANG_WARN_OBJC_LITERAL_CONVERSION = YES;
				CLANG_WARN_OBJC_ROOT_CLASS = YES_ERROR;
				CLANG_WARN_RANGE_LOOP_ANALYSIS = YES;
				CLANG_WARN_STRICT_PROTOTYPES = YES;
				CLANG_WARN_SUSPICIOUS_MOVE = YES;
				CLANG_WARN_UNGUARDED_AVAILABILITY = YES_AGGRESSIVE;
				CLANG_WARN_UNREACHABLE_CODE = YES;
				CLANG_WARN__DUPLICATE_METHOD_MATCH = YES;
				COPY_PHASE_STRIP = NO;
				DEBUG_INFORMATION_FORMAT = dwarf;
				ENABLE_STRICT_OBJC_MSGSEND = YES;
				ENABLE_TESTABILITY = YES;
				GCC_C_LANGUAGE_STANDARD = gnu11;
				GCC_DYNAMIC_NO_PIC = NO;
				GCC_NO_COMMON_BLOCKS = YES;
				GCC_OPTIMIZATION_LEVEL = 0;
				GCC_PREPROCESSOR_DEFINITIONS = (
					"DEBUG=1",
					"$(inherited)",
				);
				GCC_WARN_64_TO_32_BIT_CONVERSION = YES;
				GCC_WARN_ABOUT_RETURN_TYPE = YES_ERROR;
				GCC_WARN_UNDECLARED_SELECTOR = YES;
				GCC_WARN_UNINITIALIZED_AUTOS = YES_AGGRESSIVE;
				GCC_WARN_UNUSED_FUNCTION = YES;
				GCC_WARN_UNUSED_VARIABLE = YES;
				IPHONEOS_DEPLOYMENT_TARGET = 13.5;
				MTL_ENABLE_DEBUG_INFO = INCLUDE_SOURCE;
				MTL_FAST_MATH = YES;
				ONLY_ACTIVE_ARCH = YES;
				SDKROOT = iphoneos;
				SWIFT_ACTIVE_COMPILATION_CONDITIONS = DEBUG;
				SWIFT_OPTIMIZATION_LEVEL = "-Onone";
			};
			name = Debug;
		};
		C190C84D274BB61F00957C69 /* Release */ = {
			isa = XCBuildConfiguration;
			buildSettings = {
				ALWAYS_SEARCH_USER_PATHS = NO;
				CLANG_ANALYZER_NONNULL = YES;
				CLANG_ANALYZER_NUMBER_OBJECT_CONVERSION = YES_AGGRESSIVE;
				CLANG_CXX_LANGUAGE_STANDARD = "gnu++14";
				CLANG_CXX_LIBRARY = "libc++";
				CLANG_ENABLE_MODULES = YES;
				CLANG_ENABLE_OBJC_ARC = YES;
				CLANG_ENABLE_OBJC_WEAK = YES;
				CLANG_WARN_BLOCK_CAPTURE_AUTORELEASING = YES;
				CLANG_WARN_BOOL_CONVERSION = YES;
				CLANG_WARN_COMMA = YES;
				CLANG_WARN_CONSTANT_CONVERSION = YES;
				CLANG_WARN_DEPRECATED_OBJC_IMPLEMENTATIONS = YES;
				CLANG_WARN_DIRECT_OBJC_ISA_USAGE = YES_ERROR;
				CLANG_WARN_DOCUMENTATION_COMMENTS = YES;
				CLANG_WARN_EMPTY_BODY = YES;
				CLANG_WARN_ENUM_CONVERSION = YES;
				CLANG_WARN_INFINITE_RECURSION = YES;
				CLANG_WARN_INT_CONVERSION = YES;
				CLANG_WARN_NON_LITERAL_NULL_CONVERSION = YES;
				CLANG_WARN_OBJC_IMPLICIT_RETAIN_SELF = YES;
				CLANG_WARN_OBJC_LITERAL_CONVERSION = YES;
				CLANG_WARN_OBJC_ROOT_CLASS = YES_ERROR;
				CLANG_WARN_RANGE_LOOP_ANALYSIS = YES;
				CLANG_WARN_STRICT_PROTOTYPES = YES;
				CLANG_WARN_SUSPICIOUS_MOVE = YES;
				CLANG_WARN_UNGUARDED_AVAILABILITY = YES_AGGRESSIVE;
				CLANG_WARN_UNREACHABLE_CODE = YES;
				CLANG_WARN__DUPLICATE_METHOD_MATCH = YES;
				COPY_PHASE_STRIP = NO;
				DEBUG_INFORMATION_FORMAT = "dwarf-with-dsym";
				ENABLE_NS_ASSERTIONS = NO;
				ENABLE_STRICT_OBJC_MSGSEND = YES;
				GCC_C_LANGUAGE_STANDARD = gnu11;
				GCC_NO_COMMON_BLOCKS = YES;
				GCC_WARN_64_TO_32_BIT_CONVERSION = YES;
				GCC_WARN_ABOUT_RETURN_TYPE = YES_ERROR;
				GCC_WARN_UNDECLARED_SELECTOR = YES;
				GCC_WARN_UNINITIALIZED_AUTOS = YES_AGGRESSIVE;
				GCC_WARN_UNUSED_FUNCTION = YES;
				GCC_WARN_UNUSED_VARIABLE = YES;
				IPHONEOS_DEPLOYMENT_TARGET = 13.5;
				MTL_ENABLE_DEBUG_INFO = NO;
				MTL_FAST_MATH = YES;
				SDKROOT = iphoneos;
				SWIFT_COMPILATION_MODE = wholemodule;
				SWIFT_OPTIMIZATION_LEVEL = "-O";
				VALIDATE_PRODUCT = YES;
			};
			name = Release;
		};
		C190C84F274BB61F00957C69 /* Debug */ = {
			isa = XCBuildConfiguration;
			baseConfigurationReference = E3311E11CCB32BBACB6DC4AC /* Pods-StepByStep.debug.xcconfig */;
			buildSettings = {
				ASSETCATALOG_COMPILER_APPICON_NAME = AppIcon;
				CODE_SIGN_STYLE = Automatic;
				DEVELOPMENT_ASSET_PATHS = "\"StepByStep/Preview Content\"";
				DEVELOPMENT_TEAM = Z8D49D4M8N;
				ENABLE_PREVIEWS = YES;
				INFOPLIST_FILE = StepByStep/Info.plist;
				LD_RUNPATH_SEARCH_PATHS = (
					"$(inherited)",
					"@executable_path/Frameworks",
				);
				PRODUCT_BUNDLE_IDENTIFIER = cn.wanderros.StepByStep;
				PRODUCT_NAME = "$(TARGET_NAME)";
				SWIFT_VERSION = 5.0;
				TARGETED_DEVICE_FAMILY = "1,2";
			};
			name = Debug;
		};
		C190C850274BB61F00957C69 /* Release */ = {
			isa = XCBuildConfiguration;
			baseConfigurationReference = 16D34DB55D747806E98B4078 /* Pods-StepByStep.release.xcconfig */;
			buildSettings = {
				ASSETCATALOG_COMPILER_APPICON_NAME = AppIcon;
				CODE_SIGN_STYLE = Automatic;
				DEVELOPMENT_ASSET_PATHS = "\"StepByStep/Preview Content\"";
				DEVELOPMENT_TEAM = Z8D49D4M8N;
				ENABLE_PREVIEWS = YES;
				INFOPLIST_FILE = StepByStep/Info.plist;
				LD_RUNPATH_SEARCH_PATHS = (
					"$(inherited)",
					"@executable_path/Frameworks",
				);
				PRODUCT_BUNDLE_IDENTIFIER = cn.wanderros.StepByStep;
				PRODUCT_NAME = "$(TARGET_NAME)";
				SWIFT_VERSION = 5.0;
				TARGETED_DEVICE_FAMILY = "1,2";
			};
			name = Release;
		};
/* End XCBuildConfiguration section */

/* Begin XCConfigurationList section */
		C190C835274BB61E00957C69 /* Build configuration list for PBXProject "StepByStep" */ = {
			isa = XCConfigurationList;
			buildConfigurations = (
				C190C84C274BB61F00957C69 /* Debug */,
				C190C84D274BB61F00957C69 /* Release */,
			);
			defaultConfigurationIsVisible = 0;
			defaultConfigurationName = Release;
		};
		C190C84E274BB61F00957C69 /* Build configuration list for PBXNativeTarget "StepByStep" */ = {
			isa = XCConfigurationList;
			buildConfigurations = (
				C190C84F274BB61F00957C69 /* Debug */,
				C190C850274BB61F00957C69 /* Release */,
			);
			defaultConfigurationIsVisible = 0;
			defaultConfigurationName = Release;
		};
/* End XCConfigurationList section */
	};
	rootObject = C190C832274BB61E00957C69 /* Project object */;
}
